// !$*UTF8*$!
{
	archiveVersion = 1;
	classes = {
	};
	objectVersion = 46;
	objects = {

/* Begin PBXBuildFile section */
		C67EE6FB1BCDA36C005B6645 /* main.m in Sources */ = {isa = PBXBuildFile; fileRef = C67EE6FA1BCDA36C005B6645 /* main.m */; };
		C67EE6FE1BCDA36C005B6645 /* AppDelegate.m in Sources */ = {isa = PBXBuildFile; fileRef = C67EE6FD1BCDA36C005B6645 /* AppDelegate.m */; };
		C67EE7061BCDA36C005B6645 /* Assets.xcassets in Resources */ = {isa = PBXBuildFile; fileRef = C67EE7051BCDA36C005B6645 /* Assets.xcassets */; };
		C67EE7091BCDA36C005B6645 /* LaunchScreen.storyboard in Resources */ = {isa = PBXBuildFile; fileRef = C67EE7071BCDA36C005B6645 /* LaunchScreen.storyboard */; };
		C67EE7141BCDA36D005B6645 /* NavigationTests.m in Sources */ = {isa = PBXBuildFile; fileRef = C67EE7131BCDA36D005B6645 /* NavigationTests.m */; };
		C67EE71F1BCDA36D005B6645 /* NavigationUITests.m in Sources */ = {isa = PBXBuildFile; fileRef = C67EE71E1BCDA36D005B6645 /* NavigationUITests.m */; };
		C67EE7311BCDA494005B6645 /* HomeViewController.m in Sources */ = {isa = PBXBuildFile; fileRef = C67EE72F1BCDA494005B6645 /* HomeViewController.m */; settings = {ASSET_TAGS = (); }; };
		C67EE7321BCDA494005B6645 /* HomeViewController.xib in Resources */ = {isa = PBXBuildFile; fileRef = C67EE7301BCDA494005B6645 /* HomeViewController.xib */; settings = {ASSET_TAGS = (); }; };
		C67EE7371BCDA83F005B6645 /* ProfileViewController.m in Sources */ = {isa = PBXBuildFile; fileRef = C67EE7351BCDA83F005B6645 /* ProfileViewController.m */; settings = {ASSET_TAGS = (); }; };
		C67EE7381BCDA83F005B6645 /* ProfileViewController.xib in Resources */ = {isa = PBXBuildFile; fileRef = C67EE7361BCDA83F005B6645 /* ProfileViewController.xib */; settings = {ASSET_TAGS = (); }; };
		C67EE73D1BCDA850005B6645 /* MonkeyViewController.m in Sources */ = {isa = PBXBuildFile; fileRef = C67EE73B1BCDA850005B6645 /* MonkeyViewController.m */; settings = {ASSET_TAGS = (); }; };
		C67EE73E1BCDA850005B6645 /* MonkeyViewController.xib in Resources */ = {isa = PBXBuildFile; fileRef = C67EE73C1BCDA850005B6645 /* MonkeyViewController.xib */; settings = {ASSET_TAGS = (); }; };
		C67EE7411BCDAB4D005B6645 /* Monkey.jpg in Resources */ = {isa = PBXBuildFile; fileRef = C67EE7401BCDAB4D005B6645 /* Monkey.jpg */; settings = {ASSET_TAGS = (); }; };
/* End PBXBuildFile section */

/* Begin PBXContainerItemProxy section */
		C67EE7101BCDA36C005B6645 /* PBXContainerItemProxy */ = {
			isa = PBXContainerItemProxy;
			containerPortal = C67EE6EE1BCDA36C005B6645 /* Project object */;
			proxyType = 1;
			remoteGlobalIDString = C67EE6F51BCDA36C005B6645;
			remoteInfo = Navigation;
		};
		C67EE71B1BCDA36D005B6645 /* PBXContainerItemProxy */ = {
			isa = PBXContainerItemProxy;
			containerPortal = C67EE6EE1BCDA36C005B6645 /* Project object */;
			proxyType = 1;
			remoteGlobalIDString = C67EE6F51BCDA36C005B6645;
			remoteInfo = Navigation;
		};
/* End PBXContainerItemProxy section */

/* Begin PBXFileReference section */
		C67EE6F61BCDA36C005B6645 /* Navigation.app */ = {isa = PBXFileReference; explicitFileType = wrapper.application; includeInIndex = 0; path = Navigation.app; sourceTree = BUILT_PRODUCTS_DIR; };
		C67EE6FA1BCDA36C005B6645 /* main.m */ = {isa = PBXFileReference; lastKnownFileType = sourcecode.c.objc; path = main.m; sourceTree = "<group>"; };
		C67EE6FC1BCDA36C005B6645 /* AppDelegate.h */ = {isa = PBXFileReference; lastKnownFileType = sourcecode.c.h; path = AppDelegate.h; sourceTree = "<group>"; };
		C67EE6FD1BCDA36C005B6645 /* AppDelegate.m */ = {isa = PBXFileReference; lastKnownFileType = sourcecode.c.objc; path = AppDelegate.m; sourceTree = "<group>"; };
		C67EE7051BCDA36C005B6645 /* Assets.xcassets */ = {isa = PBXFileReference; lastKnownFileType = folder.assetcatalog; path = Assets.xcassets; sourceTree = "<group>"; };
		C67EE7081BCDA36C005B6645 /* Base */ = {isa = PBXFileReference; lastKnownFileType = file.storyboard; name = Base; path = Base.lproj/LaunchScreen.storyboard; sourceTree = "<group>"; };
		C67EE70A1BCDA36C005B6645 /* Info.plist */ = {isa = PBXFileReference; lastKnownFileType = text.plist.xml; path = Info.plist; sourceTree = "<group>"; };
		C67EE70F1BCDA36C005B6645 /* NavigationTests.xctest */ = {isa = PBXFileReference; explicitFileType = wrapper.cfbundle; includeInIndex = 0; path = NavigationTests.xctest; sourceTree = BUILT_PRODUCTS_DIR; };
		C67EE7131BCDA36D005B6645 /* NavigationTests.m */ = {isa = PBXFileReference; lastKnownFileType = sourcecode.c.objc; path = NavigationTests.m; sourceTree = "<group>"; };
		C67EE7151BCDA36D005B6645 /* Info.plist */ = {isa = PBXFileReference; lastKnownFileType = text.plist.xml; path = Info.plist; sourceTree = "<group>"; };
		C67EE71A1BCDA36D005B6645 /* NavigationUITests.xctest */ = {isa = PBXFileReference; explicitFileType = wrapper.cfbundle; includeInIndex = 0; path = NavigationUITests.xctest; sourceTree = BUILT_PRODUCTS_DIR; };
		C67EE71E1BCDA36D005B6645 /* NavigationUITests.m */ = {isa = PBXFileReference; lastKnownFileType = sourcecode.c.objc; path = NavigationUITests.m; sourceTree = "<group>"; };
		C67EE7201BCDA36D005B6645 /* Info.plist */ = {isa = PBXFileReference; lastKnownFileType = text.plist.xml; path = Info.plist; sourceTree = "<group>"; };
		C67EE72E1BCDA494005B6645 /* HomeViewController.h */ = {isa = PBXFileReference; fileEncoding = 4; lastKnownFileType = sourcecode.c.h; path = HomeViewController.h; sourceTree = "<group>"; };
		C67EE72F1BCDA494005B6645 /* HomeViewController.m */ = {isa = PBXFileReference; fileEncoding = 4; lastKnownFileType = sourcecode.c.objc; path = HomeViewController.m; sourceTree = "<group>"; };
		C67EE7301BCDA494005B6645 /* HomeViewController.xib */ = {isa = PBXFileReference; fileEncoding = 4; lastKnownFileType = file.xib; path = HomeViewController.xib; sourceTree = "<group>"; };
		C67EE7341BCDA83F005B6645 /* ProfileViewController.h */ = {isa = PBXFileReference; fileEncoding = 4; lastKnownFileType = sourcecode.c.h; path = ProfileViewController.h; sourceTree = "<group>"; };
		C67EE7351BCDA83F005B6645 /* ProfileViewController.m */ = {isa = PBXFileReference; fileEncoding = 4; lastKnownFileType = sourcecode.c.objc; path = ProfileViewController.m; sourceTree = "<group>"; };
		C67EE7361BCDA83F005B6645 /* ProfileViewController.xib */ = {isa = PBXFileReference; fileEncoding = 4; lastKnownFileType = file.xib; path = ProfileViewController.xib; sourceTree = "<group>"; };
		C67EE73A1BCDA850005B6645 /* MonkeyViewController.h */ = {isa = PBXFileReference; fileEncoding = 4; lastKnownFileType = sourcecode.c.h; path = MonkeyViewController.h; sourceTree = "<group>"; };
		C67EE73B1BCDA850005B6645 /* MonkeyViewController.m */ = {isa = PBXFileReference; fileEncoding = 4; lastKnownFileType = sourcecode.c.objc; path = MonkeyViewController.m; sourceTree = "<group>"; };
		C67EE73C1BCDA850005B6645 /* MonkeyViewController.xib */ = {isa = PBXFileReference; fileEncoding = 4; lastKnownFileType = file.xib; path = MonkeyViewController.xib; sourceTree = "<group>"; };
		C67EE7401BCDAB4D005B6645 /* Monkey.jpg */ = {isa = PBXFileReference; lastKnownFileType = image.jpeg; path = Monkey.jpg; sourceTree = "<group>"; };
/* End PBXFileReference section */

/* Begin PBXFrameworksBuildPhase section */
		C67EE6F31BCDA36C005B6645 /* Frameworks */ = {
			isa = PBXFrameworksBuildPhase;
			buildActionMask = 2147483647;
			files = (
			);
			runOnlyForDeploymentPostprocessing = 0;
		};
		C67EE70C1BCDA36C005B6645 /* Frameworks */ = {
			isa = PBXFrameworksBuildPhase;
			buildActionMask = 2147483647;
			files = (
			);
			runOnlyForDeploymentPostprocessing = 0;
		};
		C67EE7171BCDA36D005B6645 /* Frameworks */ = {
			isa = PBXFrameworksBuildPhase;
			buildActionMask = 2147483647;
			files = (
			);
			runOnlyForDeploymentPostprocessing = 0;
		};
/* End PBXFrameworksBuildPhase section */

/* Begin PBXGroup section */
		C67EE6ED1BCDA36C005B6645 = {
			isa = PBXGroup;
			children = (
				C67EE6F81BCDA36C005B6645 /* Navigation */,
				C67EE7121BCDA36D005B6645 /* NavigationTests */,
				C67EE71D1BCDA36D005B6645 /* NavigationUITests */,
				C67EE6F71BCDA36C005B6645 /* Products */,
			);
			sourceTree = "<group>";
		};
		C67EE6F71BCDA36C005B6645 /* Products */ = {
			isa = PBXGroup;
			children = (
				C67EE6F61BCDA36C005B6645 /* Navigation.app */,
				C67EE70F1BCDA36C005B6645 /* NavigationTests.xctest */,
				C67EE71A1BCDA36D005B6645 /* NavigationUITests.xctest */,
			);
			name = Products;
			sourceTree = "<group>";
		};
		C67EE6F81BCDA36C005B6645 /* Navigation */ = {
			isa = PBXGroup;
			children = (
				C67EE6FC1BCDA36C005B6645 /* AppDelegate.h */,
				C67EE6FD1BCDA36C005B6645 /* AppDelegate.m */,
				C67EE72C1BCDA43B005B6645 /* Controllers */,
				C67EE7051BCDA36C005B6645 /* Assets.xcassets */,
				C67EE7071BCDA36C005B6645 /* LaunchScreen.storyboard */,
				C67EE70A1BCDA36C005B6645 /* Info.plist */,
				C67EE6F91BCDA36C005B6645 /* Supporting Files */,
			);
			path = Navigation;
			sourceTree = "<group>";
		};
		C67EE6F91BCDA36C005B6645 /* Supporting Files */ = {
			isa = PBXGroup;
			children = (
				C67EE73F1BCDAB17005B6645 /* Images */,
				C67EE6FA1BCDA36C005B6645 /* main.m */,
			);
			name = "Supporting Files";
			sourceTree = "<group>";
		};
		C67EE7121BCDA36D005B6645 /* NavigationTests */ = {
			isa = PBXGroup;
			children = (
				C67EE7131BCDA36D005B6645 /* NavigationTests.m */,
				C67EE7151BCDA36D005B6645 /* Info.plist */,
			);
			path = NavigationTests;
			sourceTree = "<group>";
		};
		C67EE71D1BCDA36D005B6645 /* NavigationUITests */ = {
			isa = PBXGroup;
			children = (
				C67EE71E1BCDA36D005B6645 /* NavigationUITests.m */,
				C67EE7201BCDA36D005B6645 /* Info.plist */,
			);
			path = NavigationUITests;
			sourceTree = "<group>";
		};
		C67EE72C1BCDA43B005B6645 /* Controllers */ = {
			isa = PBXGroup;
			children = (
				C67EE7391BCDA842005B6645 /* Monkey */,
				C67EE7331BCDA820005B6645 /* Profile */,
				C67EE72D1BCDA448005B6645 /* Home */,
			);
			name = Controllers;
			sourceTree = "<group>";
		};
		C67EE72D1BCDA448005B6645 /* Home */ = {
			isa = PBXGroup;
			children = (
				C67EE72E1BCDA494005B6645 /* HomeViewController.h */,
				C67EE72F1BCDA494005B6645 /* HomeViewController.m */,
				C67EE7301BCDA494005B6645 /* HomeViewController.xib */,
			);
			name = Home;
			sourceTree = "<group>";
		};
		C67EE7331BCDA820005B6645 /* Profile */ = {
			isa = PBXGroup;
			children = (
				C67EE7341BCDA83F005B6645 /* ProfileViewController.h */,
				C67EE7351BCDA83F005B6645 /* ProfileViewController.m */,
				C67EE7361BCDA83F005B6645 /* ProfileViewController.xib */,
			);
			name = Profile;
			sourceTree = "<group>";
		};
		C67EE7391BCDA842005B6645 /* Monkey */ = {
			isa = PBXGroup;
			children = (
				C67EE73A1BCDA850005B6645 /* MonkeyViewController.h */,
				C67EE73B1BCDA850005B6645 /* MonkeyViewController.m */,
				C67EE73C1BCDA850005B6645 /* MonkeyViewController.xib */,
			);
			name = Monkey;
			sourceTree = "<group>";
		};
		C67EE73F1BCDAB17005B6645 /* Images */ = {
			isa = PBXGroup;
			children = (
				C67EE7401BCDAB4D005B6645 /* Monkey.jpg */,
			);
			name = Images;
			sourceTree = "<group>";
		};
/* End PBXGroup section */

/* Begin PBXNativeTarget section */
		C67EE6F51BCDA36C005B6645 /* Navigation */ = {
			isa = PBXNativeTarget;
			buildConfigurationList = C67EE7231BCDA36D005B6645 /* Build configuration list for PBXNativeTarget "Navigation" */;
			buildPhases = (
				C67EE6F21BCDA36C005B6645 /* Sources */,
				C67EE6F31BCDA36C005B6645 /* Frameworks */,
				C67EE6F41BCDA36C005B6645 /* Resources */,
			);
			buildRules = (
			);
			dependencies = (
			);
			name = Navigation;
			productName = Navigation;
			productReference = C67EE6F61BCDA36C005B6645 /* Navigation.app */;
			productType = "com.apple.product-type.application";
		};
		C67EE70E1BCDA36C005B6645 /* NavigationTests */ = {
			isa = PBXNativeTarget;
			buildConfigurationList = C67EE7261BCDA36D005B6645 /* Build configuration list for PBXNativeTarget "NavigationTests" */;
			buildPhases = (
				C67EE70B1BCDA36C005B6645 /* Sources */,
				C67EE70C1BCDA36C005B6645 /* Frameworks */,
				C67EE70D1BCDA36C005B6645 /* Resources */,
			);
			buildRules = (
			);
			dependencies = (
				C67EE7111BCDA36C005B6645 /* PBXTargetDependency */,
			);
			name = NavigationTests;
			productName = NavigationTests;
			productReference = C67EE70F1BCDA36C005B6645 /* NavigationTests.xctest */;
			productType = "com.apple.product-type.bundle.unit-test";
		};
		C67EE7191BCDA36D005B6645 /* NavigationUITests */ = {
			isa = PBXNativeTarget;
			buildConfigurationList = C67EE7291BCDA36D005B6645 /* Build configuration list for PBXNativeTarget "NavigationUITests" */;
			buildPhases = (
				C67EE7161BCDA36D005B6645 /* Sources */,
				C67EE7171BCDA36D005B6645 /* Frameworks */,
				C67EE7181BCDA36D005B6645 /* Resources */,
			);
			buildRules = (
			);
			dependencies = (
				C67EE71C1BCDA36D005B6645 /* PBXTargetDependency */,
			);
			name = NavigationUITests;
			productName = NavigationUITests;
			productReference = C67EE71A1BCDA36D005B6645 /* NavigationUITests.xctest */;
			productType = "com.apple.product-type.bundle.ui-testing";
		};
/* End PBXNativeTarget section */

/* Begin PBXProject section */
		C67EE6EE1BCDA36C005B6645 /* Project object */ = {
			isa = PBXProject;
			attributes = {
				LastUpgradeCheck = 0700;
				ORGANIZATIONNAME = "UH300- App Sales";
				TargetAttributes = {
					C67EE6F51BCDA36C005B6645 = {
						CreatedOnToolsVersion = 7.0.1;
					};
					C67EE70E1BCDA36C005B6645 = {
						CreatedOnToolsVersion = 7.0.1;
						TestTargetID = C67EE6F51BCDA36C005B6645;
					};
					C67EE7191BCDA36D005B6645 = {
						CreatedOnToolsVersion = 7.0.1;
						TestTargetID = C67EE6F51BCDA36C005B6645;
					};
				};
			};
			buildConfigurationList = C67EE6F11BCDA36C005B6645 /* Build configuration list for PBXProject "Navigation" */;
			compatibilityVersion = "Xcode 3.2";
			developmentRegion = English;
			hasScannedForEncodings = 0;
			knownRegions = (
				en,
				Base,
			);
			mainGroup = C67EE6ED1BCDA36C005B6645;
			productRefGroup = C67EE6F71BCDA36C005B6645 /* Products */;
			projectDirPath = "";
			projectRoot = "";
			targets = (
				C67EE6F51BCDA36C005B6645 /* Navigation */,
				C67EE70E1BCDA36C005B6645 /* NavigationTests */,
				C67EE7191BCDA36D005B6645 /* NavigationUITests */,
			);
		};
/* End PBXProject section */

/* Begin PBXResourcesBuildPhase section */
		C67EE6F41BCDA36C005B6645 /* Resources */ = {
			isa = PBXResourcesBuildPhase;
			buildActionMask = 2147483647;
			files = (
				C67EE7091BCDA36C005B6645 /* LaunchScreen.storyboard in Resources */,
				C67EE73E1BCDA850005B6645 /* MonkeyViewController.xib in Resources */,
				C67EE7411BCDAB4D005B6645 /* Monkey.jpg in Resources */,
				C67EE7061BCDA36C005B6645 /* Assets.xcassets in Resources */,
				C67EE7381BCDA83F005B6645 /* ProfileViewController.xib in Resources */,
				C67EE7321BCDA494005B6645 /* HomeViewController.xib in Resources */,
			);
			runOnlyForDeploymentPostprocessing = 0;
		};
		C67EE70D1BCDA36C005B6645 /* Resources */ = {
			isa = PBXResourcesBuildPhase;
			buildActionMask = 2147483647;
			files = (
			);
			runOnlyForDeploymentPostprocessing = 0;
		};
		C67EE7181BCDA36D005B6645 /* Resources */ = {
			isa = PBXResourcesBuildPhase;
			buildActionMask = 2147483647;
			files = (
			);
			runOnlyForDeploymentPostprocessing = 0;
		};
/* End PBXResourcesBuildPhase section */

/* Begin PBXSourcesBuildPhase section */
		C67EE6F21BCDA36C005B6645 /* Sources */ = {
			isa = PBXSourcesBuildPhase;
			buildActionMask = 2147483647;
			files = (
				C67EE6FE1BCDA36C005B6645 /* AppDelegate.m in Sources */,
				C67EE6FB1BCDA36C005B6645 /* main.m in Sources */,
				C67EE7371BCDA83F005B6645 /* ProfileViewController.m in Sources */,
				C67EE73D1BCDA850005B6645 /* MonkeyViewController.m in Sources */,
				C67EE7311BCDA494005B6645 /* HomeViewController.m in Sources */,
			);
			runOnlyForDeploymentPostprocessing = 0;
		};
		C67EE70B1BCDA36C005B6645 /* Sources */ = {
			isa = PBXSourcesBuildPhase;
			buildActionMask = 2147483647;
			files = (
				C67EE7141BCDA36D005B6645 /* NavigationTests.m in Sources */,
			);
			runOnlyForDeploymentPostprocessing = 0;
		};
		C67EE7161BCDA36D005B6645 /* Sources */ = {
			isa = PBXSourcesBuildPhase;
			buildActionMask = 2147483647;
			files = (
				C67EE71F1BCDA36D005B6645 /* NavigationUITests.m in Sources */,
			);
			runOnlyForDeploymentPostprocessing = 0;
		};
/* End PBXSourcesBuildPhase section */

/* Begin PBXTargetDependency section */
		C67EE7111BCDA36C005B6645 /* PBXTargetDependency */ = {
			isa = PBXTargetDependency;
			target = C67EE6F51BCDA36C005B6645 /* Navigation */;
			targetProxy = C67EE7101BCDA36C005B6645 /* PBXContainerItemProxy */;
		};
		C67EE71C1BCDA36D005B6645 /* PBXTargetDependency */ = {
			isa = PBXTargetDependency;
			target = C67EE6F51BCDA36C005B6645 /* Navigation */;
			targetProxy = C67EE71B1BCDA36D005B6645 /* PBXContainerItemProxy */;
		};
/* End PBXTargetDependency section */

/* Begin PBXVariantGroup section */
		C67EE7071BCDA36C005B6645 /* LaunchScreen.storyboard */ = {
			isa = PBXVariantGroup;
			children = (
				C67EE7081BCDA36C005B6645 /* Base */,
			);
			name = LaunchScreen.storyboard;
			sourceTree = "<group>";
		};
/* End PBXVariantGroup section */

/* Begin XCBuildConfiguration section */
		C67EE7211BCDA36D005B6645 /* Debug */ = {
			isa = XCBuildConfiguration;
			buildSettings = {
				ALWAYS_SEARCH_USER_PATHS = NO;
				CLANG_CXX_LANGUAGE_STANDARD = "gnu++0x";
				CLANG_CXX_LIBRARY = "libc++";
				CLANG_ENABLE_MODULES = YES;
				CLANG_ENABLE_OBJC_ARC = YES;
				CLANG_WARN_BOOL_CONVERSION = YES;
				CLANG_WARN_CONSTANT_CONVERSION = YES;
				CLANG_WARN_DIRECT_OBJC_ISA_USAGE = YES_ERROR;
				CLANG_WARN_EMPTY_BODY = YES;
				CLANG_WARN_ENUM_CONVERSION = YES;
				CLANG_WARN_INT_CONVERSION = YES;
				CLANG_WARN_OBJC_ROOT_CLASS = YES_ERROR;
				CLANG_WARN_UNREACHABLE_CODE = YES;
				CLANG_WARN__DUPLICATE_METHOD_MATCH = YES;
				"CODE_SIGN_IDENTITY[sdk=iphoneos*]" = "iPhone Developer";
				COPY_PHASE_STRIP = NO;
				DEBUG_INFORMATION_FORMAT = dwarf;
				ENABLE_STRICT_OBJC_MSGSEND = YES;
				ENABLE_TESTABILITY = YES;
				GCC_C_LANGUAGE_STANDARD = gnu99;
				GCC_DYNAMIC_NO_PIC = NO;
				GCC_NO_COMMON_BLOCKS = YES;
				GCC_OPTIMIZATION_LEVEL = 0;
				GCC_PREPROCESSOR_DEFINITIONS = (
					"DEBUG=1",
					"$(inherited)",
				);
				GCC_WARN_64_TO_32_BIT_CONVERSION = YES;
				GCC_WARN_ABOUT_RETURN_TYPE = YES_ERROR;
				GCC_WARN_UNDECLARED_SELECTOR = YES;
				GCC_WARN_UNINITIALIZED_AUTOS = YES_AGGRESSIVE;
				GCC_WARN_UNUSED_FUNCTION = YES;
				GCC_WARN_UNUSED_VARIABLE = YES;
				IPHONEOS_DEPLOYMENT_TARGET = 9.0;
				MTL_ENABLE_DEBUG_INFO = YES;
				ONLY_ACTIVE_ARCH = YES;
				SDKROOT = iphoneos;
				TARGETED_DEVICE_FAMILY = "1,2";
			};
			name = Debug;
		};
		C67EE7221BCDA36D005B6645 /* Release */ = {
			isa = XCBuildConfiguration;
			buildSettings = {
				ALWAYS_SEARCH_USER_PATHS = NO;
				CLANG_CXX_LANGUAGE_STANDARD = "gnu++0x";
				CLANG_CXX_LIBRARY = "libc++";
				CLANG_ENABLE_MODULES = YES;
				CLANG_ENABLE_OBJC_ARC = YES;
				CLANG_WARN_BOOL_CONVERSION = YES;
				CLANG_WARN_CONSTANT_CONVERSION = YES;
				CLANG_WARN_DIRECT_OBJC_ISA_USAGE = YES_ERROR;
				CLANG_WARN_EMPTY_BODY = YES;
				CLANG_WARN_ENUM_CONVERSION = YES;
				CLANG_WARN_INT_CONVERSION = YES;
				CLANG_WARN_OBJC_ROOT_CLASS = YES_ERROR;
				CLANG_WARN_UNREACHABLE_CODE = YES;
				CLANG_WARN__DUPLICATE_METHOD_MATCH = YES;
				"CODE_SIGN_IDENTITY[sdk=iphoneos*]" = "iPhone Developer";
				COPY_PHASE_STRIP = NO;
				DEBUG_INFORMATION_FORMAT = "dwarf-with-dsym";
				ENABLE_NS_ASSERTIONS = NO;
				ENABLE_STRICT_OBJC_MSGSEND = YES;
				GCC_C_LANGUAGE_STANDARD = gnu99;
				GCC_NO_COMMON_BLOCKS = YES;
				GCC_WARN_64_TO_32_BIT_CONVERSION = YES;
				GCC_WARN_ABOUT_RETURN_TYPE = YES_ERROR;
				GCC_WARN_UNDECLARED_SELECTOR = YES;
				GCC_WARN_UNINITIALIZED_AUTOS = YES_AGGRESSIVE;
				GCC_WARN_UNUSED_FUNCTION = YES;
				GCC_WARN_UNUSED_VARIABLE = YES;
				IPHONEOS_DEPLOYMENT_TARGET = 9.0;
				MTL_ENABLE_DEBUG_INFO = NO;
				SDKROOT = iphoneos;
				TARGETED_DEVICE_FAMILY = "1,2";
				VALIDATE_PRODUCT = YES;
			};
			name = Release;
		};
		C67EE7241BCDA36D005B6645 /* Debug */ = {
			isa = XCBuildConfiguration;
			buildSettings = {
				ASSETCATALOG_COMPILER_APPICON_NAME = AppIcon;
				INFOPLIST_FILE = Navigation/Info.plist;
				LD_RUNPATH_SEARCH_PATHS = "$(inherited) @executable_path/Frameworks";
				PRODUCT_BUNDLE_IDENTIFIER = mattyork.Navigation;
				PRODUCT_NAME = "$(TARGET_NAME)";
			};
			name = Debug;
		};
		C67EE7251BCDA36D005B6645 /* Release */ = {
			isa = XCBuildConfiguration;
			buildSettings = {
				ASSETCATALOG_COMPILER_APPICON_NAME = AppIcon;
				INFOPLIST_FILE = Navigation/Info.plist;
				LD_RUNPATH_SEARCH_PATHS = "$(inherited) @executable_path/Frameworks";
				PRODUCT_BUNDLE_IDENTIFIER = mattyork.Navigation;
				PRODUCT_NAME = "$(TARGET_NAME)";
			};
			name = Release;
		};
		C67EE7271BCDA36D005B6645 /* Debug */ = {
			isa = XCBuildConfiguration;
			buildSettings = {
				BUNDLE_LOADER = "$(TEST_HOST)";
				INFOPLIST_FILE = NavigationTests/Info.plist;
				LD_RUNPATH_SEARCH_PATHS = "$(inherited) @executable_path/Frameworks @loader_path/Frameworks";
				PRODUCT_BUNDLE_IDENTIFIER = mattyork.NavigationTests;
				PRODUCT_NAME = "$(TARGET_NAME)";
				TEST_HOST = "$(BUILT_PRODUCTS_DIR)/Navigation.app/Navigation";
			};
			name = Debug;
		};
		C67EE7281BCDA36D005B6645 /* Release */ = {
			isa = XCBuildConfiguration;
			buildSettings = {
				BUNDLE_LOADER = "$(TEST_HOST)";
				INFOPLIST_FILE = NavigationTests/Info.plist;
				LD_RUNPATH_SEARCH_PATHS = "$(inherited) @executable_path/Frameworks @loader_path/Frameworks";
				PRODUCT_BUNDLE_IDENTIFIER = mattyork.NavigationTests;
				PRODUCT_NAME = "$(TARGET_NAME)";
				TEST_HOST = "$(BUILT_PRODUCTS_DIR)/Navigation.app/Navigation";
			};
			name = Release;
		};
		C67EE72A1BCDA36D005B6645 /* Debug */ = {
			isa = XCBuildConfiguration;
			buildSettings = {
				INFOPLIST_FILE = NavigationUITests/Info.plist;
				LD_RUNPATH_SEARCH_PATHS = "$(inherited) @executable_path/Frameworks @loader_path/Frameworks";
				PRODUCT_BUNDLE_IDENTIFIER = mattyork.NavigationUITests;
				PRODUCT_NAME = "$(TARGET_NAME)";
				TEST_TARGET_NAME = Navigation;
				USES_XCTRUNNER = YES;
			};
			name = Debug;
		};
		C67EE72B1BCDA36D005B6645 /* Release */ = {
			isa = XCBuildConfiguration;
			buildSettings = {
				INFOPLIST_FILE = NavigationUITests/Info.plist;
				LD_RUNPATH_SEARCH_PATHS = "$(inherited) @executable_path/Frameworks @loader_path/Frameworks";
				PRODUCT_BUNDLE_IDENTIFIER = mattyork.NavigationUITests;
				PRODUCT_NAME = "$(TARGET_NAME)";
				TEST_TARGET_NAME = Navigation;
				USES_XCTRUNNER = YES;
			};
			name = Release;
		};
/* End XCBuildConfiguration section */

/* Begin XCConfigurationList section */
		C67EE6F11BCDA36C005B6645 /* Build configuration list for PBXProject "Navigation" */ = {
			isa = XCConfigurationList;
			buildConfigurations = (
				C67EE7211BCDA36D005B6645 /* Debug */,
				C67EE7221BCDA36D005B6645 /* Release */,
			);
			defaultConfigurationIsVisible = 0;
			defaultConfigurationName = Release;
		};
		C67EE7231BCDA36D005B6645 /* Build configuration list for PBXNativeTarget "Navigation" */ = {
			isa = XCConfigurationList;
			buildConfigurations = (
				C67EE7241BCDA36D005B6645 /* Debug */,
				C67EE7251BCDA36D005B6645 /* Release */,
			);
			defaultConfigurationIsVisible = 0;
		};
		C67EE7261BCDA36D005B6645 /* Build configuration list for PBXNativeTarget "NavigationTests" */ = {
			isa = XCConfigurationList;
			buildConfigurations = (
				C67EE7271BCDA36D005B6645 /* Debug */,
				C67EE7281BCDA36D005B6645 /* Release */,
			);
			defaultConfigurationIsVisible = 0;
		};
		C67EE7291BCDA36D005B6645 /* Build configuration list for PBXNativeTarget "NavigationUITests" */ = {
			isa = XCConfigurationList;
			buildConfigurations = (
				C67EE72A1BCDA36D005B6645 /* Debug */,
				C67EE72B1BCDA36D005B6645 /* Release */,
			);
			defaultConfigurationIsVisible = 0;
		};
/* End XCConfigurationList section */
	};
	rootObject = C67EE6EE1BCDA36C005B6645 /* Project object */;
}
